
Microsoft Visual Studio Solution File, Format Version 12.00
# Visual Studio Version 17
VisualStudioVersion = 17.0.31912.275
MinimumVisualStudioVersion = 10.0.40219.1
Project("{2150E333-8FDC-42A3-9474-1A3956D46DE8}") = "src", "src", "{5B4B5CF8-B389-469D-BAE7-8F902E440F2A}"
	ProjectSection(SolutionItems) = preProject
		README.md = README.md
	EndProjectSection
EndProject
Project("{2150E333-8FDC-42A3-9474-1A3956D46DE8}") = "Building Blocks", "Building Blocks", "{68114C5C-DEEE-4910-A2A0-17E10CAE1935}"
EndProject
Project("{2150E333-8FDC-42A3-9474-1A3956D46DE8}") = "Services", "Services", "{7930DD7A-C1A5-4D11-94D6-BE55FC19392F}"
EndProject
Project("{2150E333-8FDC-42A3-9474-1A3956D46DE8}") = "Web", "Web", "{88AB173C-4D9B-4B47-9AF8-CA32B2771192}"
EndProject
Project("{2150E333-8FDC-42A3-9474-1A3956D46DE8}") = "Identidade", "Identidade", "{B065290C-A3AF-4F99-B81C-801A22CC4991}"
EndProject
Project("{2150E333-8FDC-42A3-9474-1A3956D46DE8}") = "MVC", "MVC", "{01D92917-94C7-42D1-98E9-A09BCB897FA7}"
EndProject
Project("{9A19103F-16F7-4668-BE54-9A1E7A4F7556}") = "NSE.WebApp.MVC", "src\web\NSE.WebApp.MVC\NSE.WebApp.MVC.csproj", "{7AB982DA-ECFB-4E66-B8B3-8A4E76585110}"
EndProject
Project("{2150E333-8FDC-42A3-9474-1A3956D46DE8}") = "Core", "Core", "{AC0FA231-F189-4FD4-B1C0-9B1CC8368D3E}"
EndProject
Project("{9A19103F-16F7-4668-BE54-9A1E7A4F7556}") = "NSE.Core", "src\building blocks\NSE.Core\NSE.Core.csproj", "{556B1C77-05E9-49A7-933A-1C15481CEE39}"
EndProject
Project("{2150E333-8FDC-42A3-9474-1A3956D46DE8}") = "Carrinho", "Carrinho", "{191D627B-041F-4D31-8468-61880A38D601}"
EndProject
Project("{9A19103F-16F7-4668-BE54-9A1E7A4F7556}") = "NSE.Carrinho.API", "src\services\NSE.Carrinho.API\NSE.Carrinho.API.csproj", "{A97D695F-D2B2-43C9-ACD5-BF99CEB7BCE0}"
EndProject
Project("{2150E333-8FDC-42A3-9474-1A3956D46DE8}") = "Catalogo", "Catalogo", "{CBCDCD88-5AF3-4D1D-BD5F-0893ABB2BB9E}"
EndProject
Project("{9A19103F-16F7-4668-BE54-9A1E7A4F7556}") = "NSE.Catalogo.API", "src\services\NSE.Catalogo.API\NSE.Catalogo.API.csproj", "{03082363-A3C9-42A7-A033-3333D0C5AA3F}"
EndProject
Project("{2150E333-8FDC-42A3-9474-1A3956D46DE8}") = "Cliente", "Cliente", "{99818598-EF57-4A28-93E1-9499D32700A2}"
EndProject
Project("{9A19103F-16F7-4668-BE54-9A1E7A4F7556}") = "NES.Cliente.API", "src\services\NES.Cliente.API\NES.Cliente.API.csproj", "{76F1DEA8-ED71-4BB0-8CA9-2C200027E172}"
EndProject
Project("{2150E333-8FDC-42A3-9474-1A3956D46DE8}") = "Pagamento", "Pagamento", "{34B20D6E-5903-44EE-A598-E21A43927A6B}"
EndProject
Project("{9A19103F-16F7-4668-BE54-9A1E7A4F7556}") = "NSE.Pagamento.API", "src\services\NSE.Pagamento.API\NSE.Pagamento.API.csproj", "{D3A05D79-3088-4347-B45D-D32CD67001BA}"
EndProject
Project("{2150E333-8FDC-42A3-9474-1A3956D46DE8}") = "Pedido", "Pedido", "{132BA58A-842C-481E-837C-EC04B61EB235}"
EndProject
Project("{9A19103F-16F7-4668-BE54-9A1E7A4F7556}") = "NSE.Pedido.API", "src\services\NSE.Pedido.API\NSE.Pedido.API.csproj", "{95C34DB0-6455-4A36-9ACD-00CE2072A624}"
EndProject
Project("{FAE04EC0-301F-11D3-BF4B-00C04F79EFBC}") = "NSE.Identidade.API", "NSE.Identidade.API\NSE.Identidade.API.csproj", "{F297C668-5EEE-4985-BD1C-7380D08552B1}"
EndProject
Project("{2150E333-8FDC-42A3-9474-1A3956D46DE8}") = "Solution Items", "Solution Items", "{CC46787C-078F-44EE-9E9B-ACB1AAFE845B}"
	ProjectSection(SolutionItems) = preProject
		.editorconfig = .editorconfig
	EndProjectSection
EndProject
Global
	GlobalSection(SolutionConfigurationPlatforms) = preSolution
		Debug|Any CPU = Debug|Any CPU
		Release|Any CPU = Release|Any CPU
	EndGlobalSection
	GlobalSection(ProjectConfigurationPlatforms) = postSolution
		{7AB982DA-ECFB-4E66-B8B3-8A4E76585110}.Debug|Any CPU.ActiveCfg = Debug|Any CPU
		{7AB982DA-ECFB-4E66-B8B3-8A4E76585110}.Debug|Any CPU.Build.0 = Debug|Any CPU
		{7AB982DA-ECFB-4E66-B8B3-8A4E76585110}.Release|Any CPU.ActiveCfg = Release|Any CPU
		{7AB982DA-ECFB-4E66-B8B3-8A4E76585110}.Release|Any CPU.Build.0 = Release|Any CPU
		{556B1C77-05E9-49A7-933A-1C15481CEE39}.Debug|Any CPU.ActiveCfg = Debug|Any CPU
		{556B1C77-05E9-49A7-933A-1C15481CEE39}.Debug|Any CPU.Build.0 = Debug|Any CPU
		{556B1C77-05E9-49A7-933A-1C15481CEE39}.Release|Any CPU.ActiveCfg = Release|Any CPU
		{556B1C77-05E9-49A7-933A-1C15481CEE39}.Release|Any CPU.Build.0 = Release|Any CPU
		{A97D695F-D2B2-43C9-ACD5-BF99CEB7BCE0}.Debug|Any CPU.ActiveCfg = Debug|Any CPU
		{A97D695F-D2B2-43C9-ACD5-BF99CEB7BCE0}.Debug|Any CPU.Build.0 = Debug|Any CPU
		{A97D695F-D2B2-43C9-ACD5-BF99CEB7BCE0}.Release|Any CPU.ActiveCfg = Release|Any CPU
		{A97D695F-D2B2-43C9-ACD5-BF99CEB7BCE0}.Release|Any CPU.Build.0 = Release|Any CPU
		{03082363-A3C9-42A7-A033-3333D0C5AA3F}.Debug|Any CPU.ActiveCfg = Debug|Any CPU
		{03082363-A3C9-42A7-A033-3333D0C5AA3F}.Debug|Any CPU.Build.0 = Debug|Any CPU
		{03082363-A3C9-42A7-A033-3333D0C5AA3F}.Release|Any CPU.ActiveCfg = Release|Any CPU
		{03082363-A3C9-42A7-A033-3333D0C5AA3F}.Release|Any CPU.Build.0 = Release|Any CPU
		{76F1DEA8-ED71-4BB0-8CA9-2C200027E172}.Debug|Any CPU.ActiveCfg = Debug|Any CPU
		{76F1DEA8-ED71-4BB0-8CA9-2C200027E172}.Debug|Any CPU.Build.0 = Debug|Any CPU
		{76F1DEA8-ED71-4BB0-8CA9-2C200027E172}.Release|Any CPU.ActiveCfg = Release|Any CPU
		{76F1DEA8-ED71-4BB0-8CA9-2C200027E172}.Release|Any CPU.Build.0 = Release|Any CPU
		{D3A05D79-3088-4347-B45D-D32CD67001BA}.Debug|Any CPU.ActiveCfg = Debug|Any CPU
		{D3A05D79-3088-4347-B45D-D32CD67001BA}.Debug|Any CPU.Build.0 = Debug|Any CPU
		{D3A05D79-3088-4347-B45D-D32CD67001BA}.Release|Any CPU.ActiveCfg = Release|Any CPU
		{D3A05D79-3088-4347-B45D-D32CD67001BA}.Release|Any CPU.Build.0 = Release|Any CPU
		{95C34DB0-6455-4A36-9ACD-00CE2072A624}.Debug|Any CPU.ActiveCfg = Debug|Any CPU
		{95C34DB0-6455-4A36-9ACD-00CE2072A624}.Debug|Any CPU.Build.0 = Debug|Any CPU
		{95C34DB0-6455-4A36-9ACD-00CE2072A624}.Release|Any CPU.ActiveCfg = Release|Any CPU
		{95C34DB0-6455-4A36-9ACD-00CE2072A624}.Release|Any CPU.Build.0 = Release|Any CPU
		{F297C668-5EEE-4985-BD1C-7380D08552B1}.Debug|Any CPU.ActiveCfg = Debug|Any CPU
		{F297C668-5EEE-4985-BD1C-7380D08552B1}.Debug|Any CPU.Build.0 = Debug|Any CPU
		{F297C668-5EEE-4985-BD1C-7380D08552B1}.Release|Any CPU.ActiveCfg = Release|Any CPU
		{F297C668-5EEE-4985-BD1C-7380D08552B1}.Release|Any CPU.Build.0 = Release|Any CPU
	EndGlobalSection
	GlobalSection(SolutionProperties) = preSolution
		HideSolutionNode = FALSE
	EndGlobalSection
	GlobalSection(NestedProjects) = preSolution
		{68114C5C-DEEE-4910-A2A0-17E10CAE1935} = {5B4B5CF8-B389-469D-BAE7-8F902E440F2A}
		{7930DD7A-C1A5-4D11-94D6-BE55FC19392F} = {5B4B5CF8-B389-469D-BAE7-8F902E440F2A}
		{88AB173C-4D9B-4B47-9AF8-CA32B2771192} = {5B4B5CF8-B389-469D-BAE7-8F902E440F2A}
		{B065290C-A3AF-4F99-B81C-801A22CC4991} = {7930DD7A-C1A5-4D11-94D6-BE55FC19392F}
		{01D92917-94C7-42D1-98E9-A09BCB897FA7} = {88AB173C-4D9B-4B47-9AF8-CA32B2771192}
		{7AB982DA-ECFB-4E66-B8B3-8A4E76585110} = {01D92917-94C7-42D1-98E9-A09BCB897FA7}
		{AC0FA231-F189-4FD4-B1C0-9B1CC8368D3E} = {68114C5C-DEEE-4910-A2A0-17E10CAE1935}
		{556B1C77-05E9-49A7-933A-1C15481CEE39} = {AC0FA231-F189-4FD4-B1C0-9B1CC8368D3E}
		{191D627B-041F-4D31-8468-61880A38D601} = {7930DD7A-C1A5-4D11-94D6-BE55FC19392F}
		{A97D695F-D2B2-43C9-ACD5-BF99CEB7BCE0} = {191D627B-041F-4D31-8468-61880A38D601}
		{CBCDCD88-5AF3-4D1D-BD5F-0893ABB2BB9E} = {7930DD7A-C1A5-4D11-94D6-BE55FC19392F}
		{03082363-A3C9-42A7-A033-3333D0C5AA3F} = {CBCDCD88-5AF3-4D1D-BD5F-0893ABB2BB9E}
		{99818598-EF57-4A28-93E1-9499D32700A2} = {7930DD7A-C1A5-4D11-94D6-BE55FC19392F}
		{76F1DEA8-ED71-4BB0-8CA9-2C200027E172} = {99818598-EF57-4A28-93E1-9499D32700A2}
		{34B20D6E-5903-44EE-A598-E21A43927A6B} = {7930DD7A-C1A5-4D11-94D6-BE55FC19392F}
		{D3A05D79-3088-4347-B45D-D32CD67001BA} = {34B20D6E-5903-44EE-A598-E21A43927A6B}
		{132BA58A-842C-481E-837C-EC04B61EB235} = {7930DD7A-C1A5-4D11-94D6-BE55FC19392F}
		{95C34DB0-6455-4A36-9ACD-00CE2072A624} = {132BA58A-842C-481E-837C-EC04B61EB235}
		{F297C668-5EEE-4985-BD1C-7380D08552B1} = {B065290C-A3AF-4F99-B81C-801A22CC4991}
	EndGlobalSection
	GlobalSection(ExtensibilityGlobals) = postSolution
		SolutionGuid = {7728E1D4-95BB-4F55-8498-2AD519F97469}
	EndGlobalSection
EndGlobal
